
Microsoft Visual Studio Solution File, Format Version 12.00
# Visual Studio Version 16
VisualStudioVersion = 16.0.30804.86
MinimumVisualStudioVersion = 10.0.40219.1
Project("{FAE04EC0-301F-11D3-BF4B-00C04F79EFBC}") = "LCSManager", "LCSManager\LCSManager.csproj", "{79EDEF5E-78C0-4892-833B-7E95D63EDA86}"
EndProject
Global
	GlobalSection(SolutionConfigurationPlatforms) = preSolution
		Debug|Any CPU = Debug|Any CPU
		Release|Any CPU = Release|Any CPU
	EndGlobalSection
	GlobalSection(ProjectConfigurationPlatforms) = postSolution
		{79EDEF5E-78C0-4892-833B-7E95D63EDA86}.Debug|Any CPU.ActiveCfg = Debug|Any CPU
		{79EDEF5E-78C0-4892-833B-7E95D63EDA86}.Debug|Any CPU.Build.0 = Debug|Any CPU
		{79EDEF5E-78C0-4892-833B-7E95D63EDA86}.Release|Any CPU.ActiveCfg = Release|Any CPU
		{79EDEF5E-78C0-4892-833B-7E95D63EDA86}.Release|Any CPU.Build.0 = Release|Any CPU
	EndGlobalSection
	GlobalSection(SolutionProperties) = preSolution
		HideSolutionNode = FALSE
	EndGlobalSection
	GlobalSection(ExtensibilityGlobals) = postSolution
		SolutionGuid = {DE9BAA6A-5EAB-4038-99AB-5339F674E94A}
	EndGlobalSection
EndGlobal
